// !$*UTF8*$!
{
	archiveVersion = 1;
	classes = {
	};
	objectVersion = 46;
	objects = {

/* Begin PBXBuildFile section */
		C33C293A1CA0EEF00087550B /* SearchCarFirstViewController.m in Sources */ = {isa = PBXBuildFile; fileRef = C33C29391CA0EEF00087550B /* SearchCarFirstViewController.m */; };
		C33C293D1CA0EF4B0087550B /* SearchCarSecondViewController.m in Sources */ = {isa = PBXBuildFile; fileRef = C33C293C1CA0EF4B0087550B /* SearchCarSecondViewController.m */; };
		C33C29401CA0EF5D0087550B /* SearchCarThirdViewController.m in Sources */ = {isa = PBXBuildFile; fileRef = C33C293F1CA0EF5D0087550B /* SearchCarThirdViewController.m */; };
		C33C29881CA1283F0087550B /* InfoThirdViewController.m in Sources */ = {isa = PBXBuildFile; fileRef = C33C29871CA1283F0087550B /* InfoThirdViewController.m */; };
		C3554F091C9F9D0400FE3E4D /* main.m in Sources */ = {isa = PBXBuildFile; fileRef = C3554F081C9F9D0400FE3E4D /* main.m */; };
		C3554F0C1C9F9D0400FE3E4D /* AppDelegate.m in Sources */ = {isa = PBXBuildFile; fileRef = C3554F0B1C9F9D0400FE3E4D /* AppDelegate.m */; };
		C3554F0F1C9F9D0400FE3E4D /* ViewController.m in Sources */ = {isa = PBXBuildFile; fileRef = C3554F0E1C9F9D0400FE3E4D /* ViewController.m */; };
		C3554F141C9F9D0400FE3E4D /* Assets.xcassets in Resources */ = {isa = PBXBuildFile; fileRef = C3554F131C9F9D0400FE3E4D /* Assets.xcassets */; };
		C3554F171C9F9D0400FE3E4D /* LaunchScreen.storyboard in Resources */ = {isa = PBXBuildFile; fileRef = C3554F151C9F9D0400FE3E4D /* LaunchScreen.storyboard */; };
		C3554F221C9F9D0400FE3E4D /* __Tests.m in Sources */ = {isa = PBXBuildFile; fileRef = C3554F211C9F9D0400FE3E4D /* __Tests.m */; };
		C3554F2D1C9F9D0400FE3E4D /* __UITests.m in Sources */ = {isa = PBXBuildFile; fileRef = C3554F2C1C9F9D0400FE3E4D /* __UITests.m */; };
		C3554F4E1C9FDADA00FE3E4D /* BATableView.m in Sources */ = {isa = PBXBuildFile; fileRef = C3554F491C9FDADA00FE3E4D /* BATableView.m */; };
		C3554F4F1C9FDADA00FE3E4D /* BATableViewIndex.m in Sources */ = {isa = PBXBuildFile; fileRef = C3554F4B1C9FDADA00FE3E4D /* BATableViewIndex.m */; };
		C3554F501C9FDADA00FE3E4D /* ChangeCityViewControllers.m in Sources */ = {isa = PBXBuildFile; fileRef = C3554F4D1C9FDADA00FE3E4D /* ChangeCityViewControllers.m */; };
		C3554F531C9FDC0600FE3E4D /* secondViewController.m in Sources */ = {isa = PBXBuildFile; fileRef = C3554F521C9FDC0600FE3E4D /* secondViewController.m */; };
		C3554F551C9FDDC100FE3E4D /* Main.storyboard in Resources */ = {isa = PBXBuildFile; fileRef = C3554F541C9FDDC100FE3E4D /* Main.storyboard */; };
		C3554F581C9FE0C800FE3E4D /* XZService.m in Sources */ = {isa = PBXBuildFile; fileRef = C3554F571C9FE0C800FE3E4D /* XZService.m */; };
		C3554F671C9FE23100FE3E4D /* AFHTTPSessionManager.m in Sources */ = {isa = PBXBuildFile; fileRef = C3554F5B1C9FE23100FE3E4D /* AFHTTPSessionManager.m */; };
		C3554F681C9FE23100FE3E4D /* AFNetworkReachabilityManager.m in Sources */ = {isa = PBXBuildFile; fileRef = C3554F5E1C9FE23100FE3E4D /* AFNetworkReachabilityManager.m */; };
		C3554F691C9FE23100FE3E4D /* AFSecurityPolicy.m in Sources */ = {isa = PBXBuildFile; fileRef = C3554F601C9FE23100FE3E4D /* AFSecurityPolicy.m */; };
		C3554F6A1C9FE23100FE3E4D /* AFURLRequestSerialization.m in Sources */ = {isa = PBXBuildFile; fileRef = C3554F621C9FE23100FE3E4D /* AFURLRequestSerialization.m */; };
		C3554F6B1C9FE23100FE3E4D /* AFURLResponseSerialization.m in Sources */ = {isa = PBXBuildFile; fileRef = C3554F641C9FE23100FE3E4D /* AFURLResponseSerialization.m */; };
		C3554F6C1C9FE23100FE3E4D /* AFURLSessionManager.m in Sources */ = {isa = PBXBuildFile; fileRef = C3554F661C9FE23100FE3E4D /* AFURLSessionManager.m */; };
		C372F1FE1CA38DB900B4699C /* Info1ViewController.m in Sources */ = {isa = PBXBuildFile; fileRef = C372F1FD1CA38DB900B4699C /* Info1ViewController.m */; };
		C372F2011CA38DCE00B4699C /* Detail1ViewController.m in Sources */ = {isa = PBXBuildFile; fileRef = C372F2001CA38DCE00B4699C /* Detail1ViewController.m */; };
		C3ABA2321CA2313B0097E0EF /* c998e2dc22474acf27382b7398d2555d.jpg in Resources */ = {isa = PBXBuildFile; fileRef = C3ABA2311CA2313B0097E0EF /* c998e2dc22474acf27382b7398d2555d.jpg */; };
		C3ABA2351CA23E700097E0EF /* XXXPlistLocalInfo.m in Sources */ = {isa = PBXBuildFile; fileRef = C3ABA2341CA23E700097E0EF /* XXXPlistLocalInfo.m */; };
		C3ABA2371CA29E460097E0EF /* 6b9b3356668c7ee3171f80d459fdd8dd.jpeg in Resources */ = {isa = PBXBuildFile; fileRef = C3ABA2361CA29E460097E0EF /* 6b9b3356668c7ee3171f80d459fdd8dd.jpeg */; };
		C3ABA23A1CA2A3600097E0EF /* DetailInfoViewController.m in Sources */ = {isa = PBXBuildFile; fileRef = C3ABA2391CA2A3600097E0EF /* DetailInfoViewController.m */; };
/* End PBXBuildFile section */

/* Begin PBXContainerItemProxy section */
		C3554F1E1C9F9D0400FE3E4D /* PBXContainerItemProxy */ = {
			isa = PBXContainerItemProxy;
			containerPortal = C3554EFC1C9F9D0300FE3E4D /* Project object */;
			proxyType = 1;
			remoteGlobalIDString = C3554F031C9F9D0400FE3E4D;
			remoteInfo = "违章";
		};
		C3554F291C9F9D0400FE3E4D /* PBXContainerItemProxy */ = {
			isa = PBXContainerItemProxy;
			containerPortal = C3554EFC1C9F9D0300FE3E4D /* Project object */;
			proxyType = 1;
			remoteGlobalIDString = C3554F031C9F9D0400FE3E4D;
			remoteInfo = "违章";
		};
/* End PBXContainerItemProxy section */

/* Begin PBXFileReference section */
		C33C29381CA0EEF00087550B /* SearchCarFirstViewController.h */ = {isa = PBXFileReference; fileEncoding = 4; lastKnownFileType = sourcecode.c.h; path = SearchCarFirstViewController.h; sourceTree = "<group>"; };
		C33C29391CA0EEF00087550B /* SearchCarFirstViewController.m */ = {isa = PBXFileReference; fileEncoding = 4; lastKnownFileType = sourcecode.c.objc; path = SearchCarFirstViewController.m; sourceTree = "<group>"; };
		C33C293B1CA0EF4B0087550B /* SearchCarSecondViewController.h */ = {isa = PBXFileReference; fileEncoding = 4; lastKnownFileType = sourcecode.c.h; path = SearchCarSecondViewController.h; sourceTree = "<group>"; };
		C33C293C1CA0EF4B0087550B /* SearchCarSecondViewController.m */ = {isa = PBXFileReference; fileEncoding = 4; lastKnownFileType = sourcecode.c.objc; path = SearchCarSecondViewController.m; sourceTree = "<group>"; };
		C33C293E1CA0EF5D0087550B /* SearchCarThirdViewController.h */ = {isa = PBXFileReference; fileEncoding = 4; lastKnownFileType = sourcecode.c.h; path = SearchCarThirdViewController.h; sourceTree = "<group>"; };
		C33C293F1CA0EF5D0087550B /* SearchCarThirdViewController.m */ = {isa = PBXFileReference; fileEncoding = 4; lastKnownFileType = sourcecode.c.objc; path = SearchCarThirdViewController.m; sourceTree = "<group>"; };
		C33C29861CA1283F0087550B /* InfoThirdViewController.h */ = {isa = PBXFileReference; fileEncoding = 4; lastKnownFileType = sourcecode.c.h; path = InfoThirdViewController.h; sourceTree = "<group>"; };
		C33C29871CA1283F0087550B /* InfoThirdViewController.m */ = {isa = PBXFileReference; fileEncoding = 4; lastKnownFileType = sourcecode.c.objc; path = InfoThirdViewController.m; sourceTree = "<group>"; };
		C3554F041C9F9D0400FE3E4D /* 违章.app */ = {isa = PBXFileReference; explicitFileType = wrapper.application; includeInIndex = 0; path = "违章.app"; sourceTree = BUILT_PRODUCTS_DIR; };
		C3554F081C9F9D0400FE3E4D /* main.m */ = {isa = PBXFileReference; lastKnownFileType = sourcecode.c.objc; path = main.m; sourceTree = "<group>"; };
		C3554F0A1C9F9D0400FE3E4D /* AppDelegate.h */ = {isa = PBXFileReference; lastKnownFileType = sourcecode.c.h; path = AppDelegate.h; sourceTree = "<group>"; };
		C3554F0B1C9F9D0400FE3E4D /* AppDelegate.m */ = {isa = PBXFileReference; lastKnownFileType = sourcecode.c.objc; path = AppDelegate.m; sourceTree = "<group>"; };
		C3554F0D1C9F9D0400FE3E4D /* ViewController.h */ = {isa = PBXFileReference; lastKnownFileType = sourcecode.c.h; name = ViewController.h; path = "违章/ViewController.h"; sourceTree = SOURCE_ROOT; };
		C3554F0E1C9F9D0400FE3E4D /* ViewController.m */ = {isa = PBXFileReference; lastKnownFileType = sourcecode.c.objc; name = ViewController.m; path = "违章/ViewController.m"; sourceTree = SOURCE_ROOT; };
		C3554F131C9F9D0400FE3E4D /* Assets.xcassets */ = {isa = PBXFileReference; lastKnownFileType = folder.assetcatalog; path = Assets.xcassets; sourceTree = "<group>"; };
		C3554F161C9F9D0400FE3E4D /* Base */ = {isa = PBXFileReference; lastKnownFileType = file.storyboard; name = Base; path = Base.lproj/LaunchScreen.storyboard; sourceTree = "<group>"; };
		C3554F181C9F9D0400FE3E4D /* Info.plist */ = {isa = PBXFileReference; lastKnownFileType = text.plist.xml; path = Info.plist; sourceTree = "<group>"; };
		C3554F1D1C9F9D0400FE3E4D /* 违章Tests.xctest */ = {isa = PBXFileReference; explicitFileType = wrapper.cfbundle; includeInIndex = 0; path = "违章Tests.xctest"; sourceTree = BUILT_PRODUCTS_DIR; };
		C3554F211C9F9D0400FE3E4D /* __Tests.m */ = {isa = PBXFileReference; lastKnownFileType = sourcecode.c.objc; path = __Tests.m; sourceTree = "<group>"; };
		C3554F231C9F9D0400FE3E4D /* Info.plist */ = {isa = PBXFileReference; lastKnownFileType = text.plist.xml; path = Info.plist; sourceTree = "<group>"; };
		C3554F281C9F9D0400FE3E4D /* 违章UITests.xctest */ = {isa = PBXFileReference; explicitFileType = wrapper.cfbundle; includeInIndex = 0; path = "违章UITests.xctest"; sourceTree = BUILT_PRODUCTS_DIR; };
		C3554F2C1C9F9D0400FE3E4D /* __UITests.m */ = {isa = PBXFileReference; lastKnownFileType = sourcecode.c.objc; path = __UITests.m; sourceTree = "<group>"; };
		C3554F2E1C9F9D0400FE3E4D /* Info.plist */ = {isa = PBXFileReference; lastKnownFileType = text.plist.xml; path = Info.plist; sourceTree = "<group>"; };
		C3554F481C9FDADA00FE3E4D /* BATableView.h */ = {isa = PBXFileReference; fileEncoding = 4; lastKnownFileType = sourcecode.c.h; name = BATableView.h; path = ../Service/BATableView.h; sourceTree = "<group>"; };
		C3554F491C9FDADA00FE3E4D /* BATableView.m */ = {isa = PBXFileReference; fileEncoding = 4; lastKnownFileType = sourcecode.c.objc; name = BATableView.m; path = ../Service/BATableView.m; sourceTree = "<group>"; };
		C3554F4A1C9FDADA00FE3E4D /* BATableViewIndex.h */ = {isa = PBXFileReference; fileEncoding = 4; lastKnownFileType = sourcecode.c.h; name = BATableViewIndex.h; path = ../Service/BATableViewIndex.h; sourceTree = "<group>"; };
		C3554F4B1C9FDADA00FE3E4D /* BATableViewIndex.m */ = {isa = PBXFileReference; fileEncoding = 4; lastKnownFileType = sourcecode.c.objc; name = BATableViewIndex.m; path = ../Service/BATableViewIndex.m; sourceTree = "<group>"; };
		C3554F4C1C9FDADA00FE3E4D /* ChangeCityViewControllers.h */ = {isa = PBXFileReference; fileEncoding = 4; lastKnownFileType = sourcecode.c.h; name = ChangeCityViewControllers.h; path = ../Service/ChangeCityViewControllers.h; sourceTree = "<group>"; };
		C3554F4D1C9FDADA00FE3E4D /* ChangeCityViewControllers.m */ = {isa = PBXFileReference; fileEncoding = 4; lastKnownFileType = sourcecode.c.objc; name = ChangeCityViewControllers.m; path = ../Service/ChangeCityViewControllers.m; sourceTree = "<group>"; };
		C3554F511C9FDC0600FE3E4D /* secondViewController.h */ = {isa = PBXFileReference; fileEncoding = 4; lastKnownFileType = sourcecode.c.h; path = secondViewController.h; sourceTree = "<group>"; };
		C3554F521C9FDC0600FE3E4D /* secondViewController.m */ = {isa = PBXFileReference; fileEncoding = 4; lastKnownFileType = sourcecode.c.objc; path = secondViewController.m; sourceTree = "<group>"; };
		C3554F541C9FDDC100FE3E4D /* Main.storyboard */ = {isa = PBXFileReference; fileEncoding = 4; lastKnownFileType = file.storyboard; name = Main.storyboard; path = ViewController/Main.storyboard; sourceTree = "<group>"; };
		C3554F561C9FE0C800FE3E4D /* XZService.h */ = {isa = PBXFileReference; fileEncoding = 4; lastKnownFileType = sourcecode.c.h; path = XZService.h; sourceTree = "<group>"; };
		C3554F571C9FE0C800FE3E4D /* XZService.m */ = {isa = PBXFileReference; fileEncoding = 4; lastKnownFileType = sourcecode.c.objc; path = XZService.m; sourceTree = "<group>"; };
		C3554F5A1C9FE23100FE3E4D /* AFHTTPSessionManager.h */ = {isa = PBXFileReference; fileEncoding = 4; lastKnownFileType = sourcecode.c.h; path = AFHTTPSessionManager.h; sourceTree = "<group>"; };
		C3554F5B1C9FE23100FE3E4D /* AFHTTPSessionManager.m */ = {isa = PBXFileReference; fileEncoding = 4; lastKnownFileType = sourcecode.c.objc; path = AFHTTPSessionManager.m; sourceTree = "<group>"; };
		C3554F5C1C9FE23100FE3E4D /* AFNetworking.h */ = {isa = PBXFileReference; fileEncoding = 4; lastKnownFileType = sourcecode.c.h; path = AFNetworking.h; sourceTree = "<group>"; };
		C3554F5D1C9FE23100FE3E4D /* AFNetworkReachabilityManager.h */ = {isa = PBXFileReference; fileEncoding = 4; lastKnownFileType = sourcecode.c.h; path = AFNetworkReachabilityManager.h; sourceTree = "<group>"; };
		C3554F5E1C9FE23100FE3E4D /* AFNetworkReachabilityManager.m */ = {isa = PBXFileReference; fileEncoding = 4; lastKnownFileType = sourcecode.c.objc; path = AFNetworkReachabilityManager.m; sourceTree = "<group>"; };
		C3554F5F1C9FE23100FE3E4D /* AFSecurityPolicy.h */ = {isa = PBXFileReference; fileEncoding = 4; lastKnownFileType = sourcecode.c.h; path = AFSecurityPolicy.h; sourceTree = "<group>"; };
		C3554F601C9FE23100FE3E4D /* AFSecurityPolicy.m */ = {isa = PBXFileReference; fileEncoding = 4; lastKnownFileType = sourcecode.c.objc; path = AFSecurityPolicy.m; sourceTree = "<group>"; };
		C3554F611C9FE23100FE3E4D /* AFURLRequestSerialization.h */ = {isa = PBXFileReference; fileEncoding = 4; lastKnownFileType = sourcecode.c.h; path = AFURLRequestSerialization.h; sourceTree = "<group>"; };
		C3554F621C9FE23100FE3E4D /* AFURLRequestSerialization.m */ = {isa = PBXFileReference; fileEncoding = 4; lastKnownFileType = sourcecode.c.objc; path = AFURLRequestSerialization.m; sourceTree = "<group>"; };
		C3554F631C9FE23100FE3E4D /* AFURLResponseSerialization.h */ = {isa = PBXFileReference; fileEncoding = 4; lastKnownFileType = sourcecode.c.h; path = AFURLResponseSerialization.h; sourceTree = "<group>"; };
		C3554F641C9FE23100FE3E4D /* AFURLResponseSerialization.m */ = {isa = PBXFileReference; fileEncoding = 4; lastKnownFileType = sourcecode.c.objc; path = AFURLResponseSerialization.m; sourceTree = "<group>"; };
		C3554F651C9FE23100FE3E4D /* AFURLSessionManager.h */ = {isa = PBXFileReference; fileEncoding = 4; lastKnownFileType = sourcecode.c.h; path = AFURLSessionManager.h; sourceTree = "<group>"; };
		C3554F661C9FE23100FE3E4D /* AFURLSessionManager.m */ = {isa = PBXFileReference; fileEncoding = 4; lastKnownFileType = sourcecode.c.objc; path = AFURLSessionManager.m; sourceTree = "<group>"; };
		C3554F6D1C9FE26400FE3E4D /* Header.h */ = {isa = PBXFileReference; fileEncoding = 4; lastKnownFileType = sourcecode.c.h; name = Header.h; path = ../ViewController/Header.h; sourceTree = "<group>"; };
		C372F1FC1CA38DB900B4699C /* Info1ViewController.h */ = {isa = PBXFileReference; fileEncoding = 4; lastKnownFileType = sourcecode.c.h; path = Info1ViewController.h; sourceTree = "<group>"; };
		C372F1FD1CA38DB900B4699C /* Info1ViewController.m */ = {isa = PBXFileReference; fileEncoding = 4; lastKnownFileType = sourcecode.c.objc; path = Info1ViewController.m; sourceTree = "<group>"; };
		C372F1FF1CA38DCE00B4699C /* Detail1ViewController.h */ = {isa = PBXFileReference; fileEncoding = 4; lastKnownFileType = sourcecode.c.h; path = Detail1ViewController.h; sourceTree = "<group>"; };
		C372F2001CA38DCE00B4699C /* Detail1ViewController.m */ = {isa = PBXFileReference; fileEncoding = 4; lastKnownFileType = sourcecode.c.objc; path = Detail1ViewController.m; sourceTree = "<group>"; };
		C3ABA2311CA2313B0097E0EF /* c998e2dc22474acf27382b7398d2555d.jpg */ = {isa = PBXFileReference; lastKnownFileType = image.jpeg; path = c998e2dc22474acf27382b7398d2555d.jpg; sourceTree = "<group>"; };
		C3ABA2331CA23E700097E0EF /* XXXPlistLocalInfo.h */ = {isa = PBXFileReference; fileEncoding = 4; lastKnownFileType = sourcecode.c.h; path = XXXPlistLocalInfo.h; sourceTree = "<group>"; };
		C3ABA2341CA23E700097E0EF /* XXXPlistLocalInfo.m */ = {isa = PBXFileReference; fileEncoding = 4; lastKnownFileType = sourcecode.c.objc; path = XXXPlistLocalInfo.m; sourceTree = "<group>"; };
		C3ABA2361CA29E460097E0EF /* 6b9b3356668c7ee3171f80d459fdd8dd.jpeg */ = {isa = PBXFileReference; lastKnownFileType = image.jpeg; path = 6b9b3356668c7ee3171f80d459fdd8dd.jpeg; sourceTree = "<group>"; };
		C3ABA2381CA2A3600097E0EF /* DetailInfoViewController.h */ = {isa = PBXFileReference; fileEncoding = 4; lastKnownFileType = sourcecode.c.h; path = DetailInfoViewController.h; sourceTree = "<group>"; };
		C3ABA2391CA2A3600097E0EF /* DetailInfoViewController.m */ = {isa = PBXFileReference; fileEncoding = 4; lastKnownFileType = sourcecode.c.objc; path = DetailInfoViewController.m; sourceTree = "<group>"; };
/* End PBXFileReference section */

/* Begin PBXFrameworksBuildPhase section */
		C3554F011C9F9D0400FE3E4D /* Frameworks */ = {
			isa = PBXFrameworksBuildPhase;
			buildActionMask = 2147483647;
			files = (
			);
			runOnlyForDeploymentPostprocessing = 0;
		};
		C3554F1A1C9F9D0400FE3E4D /* Frameworks */ = {
			isa = PBXFrameworksBuildPhase;
			buildActionMask = 2147483647;
			files = (
			);
			runOnlyForDeploymentPostprocessing = 0;
		};
		C3554F251C9F9D0400FE3E4D /* Frameworks */ = {
			isa = PBXFrameworksBuildPhase;
			buildActionMask = 2147483647;
			files = (
			);
			runOnlyForDeploymentPostprocessing = 0;
		};
/* End PBXFrameworksBuildPhase section */

/* Begin PBXGroup section */
		C3554EFB1C9F9D0300FE3E4D = {
			isa = PBXGroup;
			children = (
				C3554F061C9F9D0400FE3E4D /* 违章 */,
				C3554F201C9F9D0400FE3E4D /* 违章Tests */,
				C3554F2B1C9F9D0400FE3E4D /* 违章UITests */,
				C3554F051C9F9D0400FE3E4D /* Products */,
			);
			sourceTree = "<group>";
		};
		C3554F051C9F9D0400FE3E4D /* Products */ = {
			isa = PBXGroup;
			children = (
				C3554F041C9F9D0400FE3E4D /* 违章.app */,
				C3554F1D1C9F9D0400FE3E4D /* 违章Tests.xctest */,
				C3554F281C9F9D0400FE3E4D /* 违章UITests.xctest */,
			);
			name = Products;
			sourceTree = "<group>";
		};
		C3554F061C9F9D0400FE3E4D /* 违章 */ = {
			isa = PBXGroup;
			children = (
				C3ABA2361CA29E460097E0EF /* 6b9b3356668c7ee3171f80d459fdd8dd.jpeg */,
				C3ABA2311CA2313B0097E0EF /* c998e2dc22474acf27382b7398d2555d.jpg */,
				C3554F0A1C9F9D0400FE3E4D /* AppDelegate.h */,
				C3554F0B1C9F9D0400FE3E4D /* AppDelegate.m */,
				C3554F3A1C9F9DAA00FE3E4D /* Model */,
				C3554F3B1C9F9DAA00FE3E4D /* NotMine */,
				C3554F3C1C9F9DAA00FE3E4D /* Service */,
				C3554F3D1C9F9DAA00FE3E4D /* ViewController */,
				C3554F131C9F9D0400FE3E4D /* Assets.xcassets */,
				C3554F541C9FDDC100FE3E4D /* Main.storyboard */,
				C3554F151C9F9D0400FE3E4D /* LaunchScreen.storyboard */,
				C3554F181C9F9D0400FE3E4D /* Info.plist */,
				C3554F071C9F9D0400FE3E4D /* Supporting Files */,
			);
			path = "违章";
			sourceTree = "<group>";
		};
		C3554F071C9F9D0400FE3E4D /* Supporting Files */ = {
			isa = PBXGroup;
			children = (
				C3554F081C9F9D0400FE3E4D /* main.m */,
			);
			name = "Supporting Files";
			sourceTree = "<group>";
		};
		C3554F201C9F9D0400FE3E4D /* 违章Tests */ = {
			isa = PBXGroup;
			children = (
				C3554F211C9F9D0400FE3E4D /* __Tests.m */,
				C3554F231C9F9D0400FE3E4D /* Info.plist */,
			);
			path = "违章Tests";
			sourceTree = "<group>";
		};
		C3554F2B1C9F9D0400FE3E4D /* 违章UITests */ = {
			isa = PBXGroup;
			children = (
				C3554F2C1C9F9D0400FE3E4D /* __UITests.m */,
				C3554F2E1C9F9D0400FE3E4D /* Info.plist */,
			);
			path = "违章UITests";
			sourceTree = "<group>";
		};
		C3554F3A1C9F9DAA00FE3E4D /* Model */ = {
			isa = PBXGroup;
			children = (
			);
			path = Model;
			sourceTree = "<group>";
		};
		C3554F3B1C9F9DAA00FE3E4D /* NotMine */ = {
			isa = PBXGroup;
			children = (
				C3554F591C9FE23100FE3E4D /* AFNetworking */,
			);
			path = NotMine;
			sourceTree = "<group>";
		};
		C3554F3C1C9F9DAA00FE3E4D /* Service */ = {
			isa = PBXGroup;
			children = (
				C3ABA2331CA23E700097E0EF /* XXXPlistLocalInfo.h */,
				C3ABA2341CA23E700097E0EF /* XXXPlistLocalInfo.m */,
				C3554F6D1C9FE26400FE3E4D /* Header.h */,
				C3554F561C9FE0C800FE3E4D /* XZService.h */,
				C3554F571C9FE0C800FE3E4D /* XZService.m */,
			);
			path = Service;
			sourceTree = "<group>";
		};
		C3554F3D1C9F9DAA00FE3E4D /* ViewController */ = {
			isa = PBXGroup;
			children = (
				C3554F481C9FDADA00FE3E4D /* BATableView.h */,
				C3554F491C9FDADA00FE3E4D /* BATableView.m */,
				C3554F4A1C9FDADA00FE3E4D /* BATableViewIndex.h */,
				C3554F4B1C9FDADA00FE3E4D /* BATableViewIndex.m */,
				C3554F4C1C9FDADA00FE3E4D /* ChangeCityViewControllers.h */,
				C3554F4D1C9FDADA00FE3E4D /* ChangeCityViewControllers.m */,
				C3554F0E1C9F9D0400FE3E4D /* ViewController.m */,
				C3554F0D1C9F9D0400FE3E4D /* ViewController.h */,
				C3554F511C9FDC0600FE3E4D /* secondViewController.h */,
				C3554F521C9FDC0600FE3E4D /* secondViewController.m */,
				C33C29381CA0EEF00087550B /* SearchCarFirstViewController.h */,
				C33C29391CA0EEF00087550B /* SearchCarFirstViewController.m */,
				C33C293B1CA0EF4B0087550B /* SearchCarSecondViewController.h */,
				C33C293C1CA0EF4B0087550B /* SearchCarSecondViewController.m */,
				C33C293E1CA0EF5D0087550B /* SearchCarThirdViewController.h */,
				C33C293F1CA0EF5D0087550B /* SearchCarThirdViewController.m */,
				C33C29861CA1283F0087550B /* InfoThirdViewController.h */,
				C33C29871CA1283F0087550B /* InfoThirdViewController.m */,
				C3ABA2381CA2A3600097E0EF /* DetailInfoViewController.h */,
				C3ABA2391CA2A3600097E0EF /* DetailInfoViewController.m */,
				C372F1FC1CA38DB900B4699C /* Info1ViewController.h */,
				C372F1FD1CA38DB900B4699C /* Info1ViewController.m */,
				C372F1FF1CA38DCE00B4699C /* Detail1ViewController.h */,
				C372F2001CA38DCE00B4699C /* Detail1ViewController.m */,
			);
			path = ViewController;
			sourceTree = "<group>";
		};
		C3554F591C9FE23100FE3E4D /* AFNetworking */ = {
			isa = PBXGroup;
			children = (
				C3554F5A1C9FE23100FE3E4D /* AFHTTPSessionManager.h */,
				C3554F5B1C9FE23100FE3E4D /* AFHTTPSessionManager.m */,
				C3554F5C1C9FE23100FE3E4D /* AFNetworking.h */,
				C3554F5D1C9FE23100FE3E4D /* AFNetworkReachabilityManager.h */,
				C3554F5E1C9FE23100FE3E4D /* AFNetworkReachabilityManager.m */,
				C3554F5F1C9FE23100FE3E4D /* AFSecurityPolicy.h */,
				C3554F601C9FE23100FE3E4D /* AFSecurityPolicy.m */,
				C3554F611C9FE23100FE3E4D /* AFURLRequestSerialization.h */,
				C3554F621C9FE23100FE3E4D /* AFURLRequestSerialization.m */,
				C3554F631C9FE23100FE3E4D /* AFURLResponseSerialization.h */,
				C3554F641C9FE23100FE3E4D /* AFURLResponseSerialization.m */,
				C3554F651C9FE23100FE3E4D /* AFURLSessionManager.h */,
				C3554F661C9FE23100FE3E4D /* AFURLSessionManager.m */,
			);
			name = AFNetworking;
			path = ../Service/AFNetworking;
			sourceTree = "<group>";
		};
/* End PBXGroup section */

/* Begin PBXNativeTarget section */
		C3554F031C9F9D0400FE3E4D /* 违章 */ = {
			isa = PBXNativeTarget;
			buildConfigurationList = C3554F311C9F9D0400FE3E4D /* Build configuration list for PBXNativeTarget "违章" */;
			buildPhases = (
				C3554F001C9F9D0400FE3E4D /* Sources */,
				C3554F011C9F9D0400FE3E4D /* Frameworks */,
				C3554F021C9F9D0400FE3E4D /* Resources */,
			);
			buildRules = (
			);
			dependencies = (
			);
			name = "违章";
			productName = "违章";
			productReference = C3554F041C9F9D0400FE3E4D /* 违章.app */;
			productType = "com.apple.product-type.application";
		};
		C3554F1C1C9F9D0400FE3E4D /* 违章Tests */ = {
			isa = PBXNativeTarget;
			buildConfigurationList = C3554F341C9F9D0400FE3E4D /* Build configuration list for PBXNativeTarget "违章Tests" */;
			buildPhases = (
				C3554F191C9F9D0400FE3E4D /* Sources */,
				C3554F1A1C9F9D0400FE3E4D /* Frameworks */,
				C3554F1B1C9F9D0400FE3E4D /* Resources */,
			);
			buildRules = (
			);
			dependencies = (
				C3554F1F1C9F9D0400FE3E4D /* PBXTargetDependency */,
			);
			name = "违章Tests";
			productName = "违章Tests";
			productReference = C3554F1D1C9F9D0400FE3E4D /* 违章Tests.xctest */;
			productType = "com.apple.product-type.bundle.unit-test";
		};
		C3554F271C9F9D0400FE3E4D /* 违章UITests */ = {
			isa = PBXNativeTarget;
			buildConfigurationList = C3554F371C9F9D0400FE3E4D /* Build configuration list for PBXNativeTarget "违章UITests" */;
			buildPhases = (
				C3554F241C9F9D0400FE3E4D /* Sources */,
				C3554F251C9F9D0400FE3E4D /* Frameworks */,
				C3554F261C9F9D0400FE3E4D /* Resources */,
			);
			buildRules = (
			);
			dependencies = (
				C3554F2A1C9F9D0400FE3E4D /* PBXTargetDependency */,
			);
			name = "违章UITests";
			productName = "违章UITests";
			productReference = C3554F281C9F9D0400FE3E4D /* 违章UITests.xctest */;
			productType = "com.apple.product-type.bundle.ui-testing";
		};
/* End PBXNativeTarget section */

/* Begin PBXProject section */
		C3554EFC1C9F9D0300FE3E4D /* Project object */ = {
			isa = PBXProject;
			attributes = {
				LastUpgradeCheck = 0720;
				ORGANIZATIONNAME = administrator;
				TargetAttributes = {
					C3554F031C9F9D0400FE3E4D = {
						CreatedOnToolsVersion = 7.2;
					};
					C3554F1C1C9F9D0400FE3E4D = {
						CreatedOnToolsVersion = 7.2;
						TestTargetID = C3554F031C9F9D0400FE3E4D;
					};
					C3554F271C9F9D0400FE3E4D = {
						CreatedOnToolsVersion = 7.2;
						TestTargetID = C3554F031C9F9D0400FE3E4D;
					};
				};
			};
			buildConfigurationList = C3554EFF1C9F9D0300FE3E4D /* Build configuration list for PBXProject "违章" */;
			compatibilityVersion = "Xcode 3.2";
			developmentRegion = English;
			hasScannedForEncodings = 0;
			knownRegions = (
				en,
				Base,
			);
			mainGroup = C3554EFB1C9F9D0300FE3E4D;
			productRefGroup = C3554F051C9F9D0400FE3E4D /* Products */;
			projectDirPath = "";
			projectRoot = "";
			targets = (
				C3554F031C9F9D0400FE3E4D /* 违章 */,
				C3554F1C1C9F9D0400FE3E4D /* 违章Tests */,
				C3554F271C9F9D0400FE3E4D /* 违章UITests */,
			);
		};
/* End PBXProject section */

/* Begin PBXResourcesBuildPhase section */
		C3554F021C9F9D0400FE3E4D /* Resources */ = {
			isa = PBXResourcesBuildPhase;
			buildActionMask = 2147483647;
			files = (
				C3554F551C9FDDC100FE3E4D /* Main.storyboard in Resources */,
				C3554F171C9F9D0400FE3E4D /* LaunchScreen.storyboard in Resources */,
				C3ABA2371CA29E460097E0EF /* 6b9b3356668c7ee3171f80d459fdd8dd.jpeg in Resources */,
				C3554F141C9F9D0400FE3E4D /* Assets.xcassets in Resources */,
				C3ABA2321CA2313B0097E0EF /* c998e2dc22474acf27382b7398d2555d.jpg in Resources */,
			);
			runOnlyForDeploymentPostprocessing = 0;
		};
		C3554F1B1C9F9D0400FE3E4D /* Resources */ = {
			isa = PBXResourcesBuildPhase;
			buildActionMask = 2147483647;
			files = (
			);
			runOnlyForDeploymentPostprocessing = 0;
		};
		C3554F261C9F9D0400FE3E4D /* Resources */ = {
			isa = PBXResourcesBuildPhase;
			buildActionMask = 2147483647;
			files = (
			);
			runOnlyForDeploymentPostprocessing = 0;
		};
/* End PBXResourcesBuildPhase section */

/* Begin PBXSourcesBuildPhase section */
		C3554F001C9F9D0400FE3E4D /* Sources */ = {
			isa = PBXSourcesBuildPhase;
			buildActionMask = 2147483647;
			files = (
				C3554F0F1C9F9D0400FE3E4D /* ViewController.m in Sources */,
				C33C29401CA0EF5D0087550B /* SearchCarThirdViewController.m in Sources */,
				C3ABA2351CA23E700097E0EF /* XXXPlistLocalInfo.m in Sources */,
				C33C293D1CA0EF4B0087550B /* SearchCarSecondViewController.m in Sources */,
				C3554F581C9FE0C800FE3E4D /* XZService.m in Sources */,
				C3554F681C9FE23100FE3E4D /* AFNetworkReachabilityManager.m in Sources */,
				C3554F6C1C9FE23100FE3E4D /* AFURLSessionManager.m in Sources */,
				C3554F6A1C9FE23100FE3E4D /* AFURLRequestSerialization.m in Sources */,
				C3554F0C1C9F9D0400FE3E4D /* AppDelegate.m in Sources */,
				C3554F6B1C9FE23100FE3E4D /* AFURLResponseSerialization.m in Sources */,
				C3554F671C9FE23100FE3E4D /* AFHTTPSessionManager.m in Sources */,
				C372F1FE1CA38DB900B4699C /* Info1ViewController.m in Sources */,
				C3554F531C9FDC0600FE3E4D /* secondViewController.m in Sources */,
				C3554F4E1C9FDADA00FE3E4D /* BATableView.m in Sources */,
				C3554F091C9F9D0400FE3E4D /* main.m in Sources */,
				C372F2011CA38DCE00B4699C /* Detail1ViewController.m in Sources */,
				C33C29881CA1283F0087550B /* InfoThirdViewController.m in Sources */,
				C3554F4F1C9FDADA00FE3E4D /* BATableViewIndex.m in Sources */,
				C33C293A1CA0EEF00087550B /* SearchCarFirstViewController.m in Sources */,
				C3554F691C9FE23100FE3E4D /* AFSecurityPolicy.m in Sources */,
				C3554F501C9FDADA00FE3E4D /* ChangeCityViewControllers.m in Sources */,
				C3ABA23A1CA2A3600097E0EF /* DetailInfoViewController.m in Sources */,
			);
			runOnlyForDeploymentPostprocessing = 0;
		};
		C3554F191C9F9D0400FE3E4D /* Sources */ = {
			isa = PBXSourcesBuildPhase;
			buildActionMask = 2147483647;
			files = (
				C3554F221C9F9D0400FE3E4D /* __Tests.m in Sources */,
			);
			runOnlyForDeploymentPostprocessing = 0;
		};
		C3554F241C9F9D0400FE3E4D /* Sources */ = {
			isa = PBXSourcesBuildPhase;
			buildActionMask = 2147483647;
			files = (
				C3554F2D1C9F9D0400FE3E4D /* __UITests.m in Sources */,
			);
			runOnlyForDeploymentPostprocessing = 0;
		};
/* End PBXSourcesBuildPhase section */

/* Begin PBXTargetDependency section */
		C3554F1F1C9F9D0400FE3E4D /* PBXTargetDependency */ = {
			isa = PBXTargetDependency;
			target = C3554F031C9F9D0400FE3E4D /* 违章 */;
			targetProxy = C3554F1E1C9F9D0400FE3E4D /* PBXContainerItemProxy */;
		};
		C3554F2A1C9F9D0400FE3E4D /* PBXTargetDependency */ = {
			isa = PBXTargetDependency;
			target = C3554F031C9F9D0400FE3E4D /* 违章 */;
			targetProxy = C3554F291C9F9D0400FE3E4D /* PBXContainerItemProxy */;
		};
/* End PBXTargetDependency section */

/* Begin PBXVariantGroup section */
		C3554F151C9F9D0400FE3E4D /* LaunchScreen.storyboard */ = {
			isa = PBXVariantGroup;
			children = (
				C3554F161C9F9D0400FE3E4D /* Base */,
			);
			name = LaunchScreen.storyboard;
			sourceTree = "<group>";
		};
/* End PBXVariantGroup section */

/* Begin XCBuildConfiguration section */
		C3554F2F1C9F9D0400FE3E4D /* Debug */ = {
			isa = XCBuildConfiguration;
			buildSettings = {
				ALWAYS_SEARCH_USER_PATHS = NO;
				CLANG_CXX_LANGUAGE_STANDARD = "gnu++0x";
				CLANG_CXX_LIBRARY = "libc++";
				CLANG_ENABLE_MODULES = YES;
				CLANG_ENABLE_OBJC_ARC = YES;
				CLANG_WARN_BOOL_CONVERSION = YES;
				CLANG_WARN_CONSTANT_CONVERSION = YES;
				CLANG_WARN_DIRECT_OBJC_ISA_USAGE = YES_ERROR;
				CLANG_WARN_EMPTY_BODY = YES;
				CLANG_WARN_ENUM_CONVERSION = YES;
				CLANG_WARN_INT_CONVERSION = YES;
				CLANG_WARN_OBJC_ROOT_CLASS = YES_ERROR;
				CLANG_WARN_UNREACHABLE_CODE = YES;
				CLANG_WARN__DUPLICATE_METHOD_MATCH = YES;
				"CODE_SIGN_IDENTITY[sdk=iphoneos*]" = "iPhone Developer";
				COPY_PHASE_STRIP = NO;
				DEBUG_INFORMATION_FORMAT = dwarf;
				ENABLE_STRICT_OBJC_MSGSEND = YES;
				ENABLE_TESTABILITY = YES;
				GCC_C_LANGUAGE_STANDARD = gnu99;
				GCC_DYNAMIC_NO_PIC = NO;
				GCC_NO_COMMON_BLOCKS = YES;
				GCC_OPTIMIZATION_LEVEL = 0;
				GCC_PREPROCESSOR_DEFINITIONS = (
					"DEBUG=1",
					"$(inherited)",
				);
				GCC_WARN_64_TO_32_BIT_CONVERSION = YES;
				GCC_WARN_ABOUT_RETURN_TYPE = YES_ERROR;
				GCC_WARN_UNDECLARED_SELECTOR = YES;
				GCC_WARN_UNINITIALIZED_AUTOS = YES_AGGRESSIVE;
				GCC_WARN_UNUSED_FUNCTION = YES;
				GCC_WARN_UNUSED_VARIABLE = YES;
				IPHONEOS_DEPLOYMENT_TARGET = 9.2;
				MTL_ENABLE_DEBUG_INFO = YES;
				ONLY_ACTIVE_ARCH = YES;
				SDKROOT = iphoneos;
			};
			name = Debug;
		};
		C3554F301C9F9D0400FE3E4D /* Release */ = {
			isa = XCBuildConfiguration;
			buildSettings = {
				ALWAYS_SEARCH_USER_PATHS = NO;
				CLANG_CXX_LANGUAGE_STANDARD = "gnu++0x";
				CLANG_CXX_LIBRARY = "libc++";
				CLANG_ENABLE_MODULES = YES;
				CLANG_ENABLE_OBJC_ARC = YES;
				CLANG_WARN_BOOL_CONVERSION = YES;
				CLANG_WARN_CONSTANT_CONVERSION = YES;
				CLANG_WARN_DIRECT_OBJC_ISA_USAGE = YES_ERROR;
				CLANG_WARN_EMPTY_BODY = YES;
				CLANG_WARN_ENUM_CONVERSION = YES;
				CLANG_WARN_INT_CONVERSION = YES;
				CLANG_WARN_OBJC_ROOT_CLASS = YES_ERROR;
				CLANG_WARN_UNREACHABLE_CODE = YES;
				CLANG_WARN__DUPLICATE_METHOD_MATCH = YES;
				"CODE_SIGN_IDENTITY[sdk=iphoneos*]" = "iPhone Developer";
				COPY_PHASE_STRIP = NO;
				DEBUG_INFORMATION_FORMAT = "dwarf-with-dsym";
				ENABLE_NS_ASSERTIONS = NO;
				ENABLE_STRICT_OBJC_MSGSEND = YES;
				GCC_C_LANGUAGE_STANDARD = gnu99;
				GCC_NO_COMMON_BLOCKS = YES;
				GCC_WARN_64_TO_32_BIT_CONVERSION = YES;
				GCC_WARN_ABOUT_RETURN_TYPE = YES_ERROR;
				GCC_WARN_UNDECLARED_SELECTOR = YES;
				GCC_WARN_UNINITIALIZED_AUTOS = YES_AGGRESSIVE;
				GCC_WARN_UNUSED_FUNCTION = YES;
				GCC_WARN_UNUSED_VARIABLE = YES;
				IPHONEOS_DEPLOYMENT_TARGET = 9.2;
				MTL_ENABLE_DEBUG_INFO = NO;
				SDKROOT = iphoneos;
				VALIDATE_PRODUCT = YES;
			};
			name = Release;
		};
		C3554F321C9F9D0400FE3E4D /* Debug */ = {
			isa = XCBuildConfiguration;
			buildSettings = {
				ASSETCATALOG_COMPILER_APPICON_NAME = AppIcon;
				INFOPLIST_FILE = "违章/Info.plist";
				LD_RUNPATH_SEARCH_PATHS = "$(inherited) @executable_path/Frameworks";
				PRODUCT_BUNDLE_IDENTIFIER = "FX.--";
				PRODUCT_NAME = "$(TARGET_NAME)";
			};
			name = Debug;
		};
		C3554F331C9F9D0400FE3E4D /* Release */ = {
			isa = XCBuildConfiguration;
			buildSettings = {
				ASSETCATALOG_COMPILER_APPICON_NAME = AppIcon;
				INFOPLIST_FILE = "违章/Info.plist";
				LD_RUNPATH_SEARCH_PATHS = "$(inherited) @executable_path/Frameworks";
				PRODUCT_BUNDLE_IDENTIFIER = "FX.--";
				PRODUCT_NAME = "$(TARGET_NAME)";
			};
			name = Release;
		};
		C3554F351C9F9D0400FE3E4D /* Debug */ = {
			isa = XCBuildConfiguration;
			buildSettings = {
				BUNDLE_LOADER = "$(TEST_HOST)";
				INFOPLIST_FILE = "违章Tests/Info.plist";
				LD_RUNPATH_SEARCH_PATHS = "$(inherited) @executable_path/Frameworks @loader_path/Frameworks";
				PRODUCT_BUNDLE_IDENTIFIER = "FX.--Tests";
				PRODUCT_NAME = "$(TARGET_NAME)";
				TEST_HOST = "$(BUILT_PRODUCTS_DIR)/违章.app/违章";
			};
			name = Debug;
		};
		C3554F361C9F9D0400FE3E4D /* Release */ = {
			isa = XCBuildConfiguration;
			buildSettings = {
				BUNDLE_LOADER = "$(TEST_HOST)";
				INFOPLIST_FILE = "违章Tests/Info.plist";
				LD_RUNPATH_SEARCH_PATHS = "$(inherited) @executable_path/Frameworks @loader_path/Frameworks";
				PRODUCT_BUNDLE_IDENTIFIER = "FX.--Tests";
				PRODUCT_NAME = "$(TARGET_NAME)";
				TEST_HOST = "$(BUILT_PRODUCTS_DIR)/违章.app/违章";
			};
			name = Release;
		};
		C3554F381C9F9D0400FE3E4D /* Debug */ = {
			isa = XCBuildConfiguration;
			buildSettings = {
				INFOPLIST_FILE = "违章UITests/Info.plist";
				LD_RUNPATH_SEARCH_PATHS = "$(inherited) @executable_path/Frameworks @loader_path/Frameworks";
				PRODUCT_BUNDLE_IDENTIFIER = "FX.--UITests";
				PRODUCT_NAME = "$(TARGET_NAME)";
				TEST_TARGET_NAME = "违章";
				USES_XCTRUNNER = YES;
			};
			name = Debug;
		};
		C3554F391C9F9D0400FE3E4D /* Release */ = {
			isa = XCBuildConfiguration;
			buildSettings = {
				INFOPLIST_FILE = "违章UITests/Info.plist";
				LD_RUNPATH_SEARCH_PATHS = "$(inherited) @executable_path/Frameworks @loader_path/Frameworks";
				PRODUCT_BUNDLE_IDENTIFIER = "FX.--UITests";
				PRODUCT_NAME = "$(TARGET_NAME)";
				TEST_TARGET_NAME = "违章";
				USES_XCTRUNNER = YES;
			};
			name = Release;
		};
/* End XCBuildConfiguration section */

/* Begin XCConfigurationList section */
		C3554EFF1C9F9D0300FE3E4D /* Build configuration list for PBXProject "违章" */ = {
			isa = XCConfigurationList;
			buildConfigurations = (
				C3554F2F1C9F9D0400FE3E4D /* Debug */,
				C3554F301C9F9D0400FE3E4D /* Release */,
			);
			defaultConfigurationIsVisible = 0;
			defaultConfigurationName = Release;
		};
		C3554F311C9F9D0400FE3E4D /* Build configuration list for PBXNativeTarget "违章" */ = {
			isa = XCConfigurationList;
			buildConfigurations = (
				C3554F321C9F9D0400FE3E4D /* Debug */,
				C3554F331C9F9D0400FE3E4D /* Release */,
			);
			defaultConfigurationIsVisible = 0;
			defaultConfigurationName = Release;
		};
		C3554F341C9F9D0400FE3E4D /* Build configuration list for PBXNativeTarget "违章Tests" */ = {
			isa = XCConfigurationList;
			buildConfigurations = (
				C3554F351C9F9D0400FE3E4D /* Debug */,
				C3554F361C9F9D0400FE3E4D /* Release */,
			);
			defaultConfigurationIsVisible = 0;
			defaultConfigurationName = Release;
		};
		C3554F371C9F9D0400FE3E4D /* Build configuration list for PBXNativeTarget "违章UITests" */ = {
			isa = XCConfigurationList;
			buildConfigurations = (
				C3554F381C9F9D0400FE3E4D /* Debug */,
				C3554F391C9F9D0400FE3E4D /* Release */,
			);
			defaultConfigurationIsVisible = 0;
			defaultConfigurationName = Release;
		};
/* End XCConfigurationList section */
	};
	rootObject = C3554EFC1C9F9D0300FE3E4D /* Project object */;
}
